
Microsoft Visual Studio Solution File, Format Version 12.00
# Visual Studio Version 17
VisualStudioVersion = 17.8.34330.188
MinimumVisualStudioVersion = 10.0.40219.1
Project("{FAE04EC0-301F-11D3-BF4B-00C04F79EFBC}") = "Lab-1-SQL", "Lab-1-SQL.csproj", "{D8D12268-B217-4A91-880B-87D0F3EE5DAB}"
EndProject
Global
	GlobalSection(SolutionConfigurationPlatforms) = preSolution
		Debug|Any CPU = Debug|Any CPU
		Release|Any CPU = Release|Any CPU
	EndGlobalSection
	GlobalSection(ProjectConfigurationPlatforms) = postSolution
		{D8D12268-B217-4A91-880B-87D0F3EE5DAB}.Debug|Any CPU.ActiveCfg = Debug|Any CPU
		{D8D12268-B217-4A91-880B-87D0F3EE5DAB}.Debug|Any CPU.Build.0 = Debug|Any CPU
		{D8D12268-B217-4A91-880B-87D0F3EE5DAB}.Release|Any CPU.ActiveCfg = Release|Any CPU
		{D8D12268-B217-4A91-880B-87D0F3EE5DAB}.Release|Any CPU.Build.0 = Release|Any CPU
	EndGlobalSection
	GlobalSection(SolutionProperties) = preSolution
		HideSolutionNode = FALSE
	EndGlobalSection
	GlobalSection(ExtensibilityGlobals) = postSolution
		SolutionGuid = {581F2762-0428-47D4-9C53-503ED3AA1C19}
	EndGlobalSection
EndGlobal
